# name                    url                                                  commit
edrefcard2                https://github.com/brammmers/edrefcard2              f2e91f8072b8af066f17db6ece6058fc93694171
EdBindings                https://github.com/ghorsey/EdBindings                20c64be80b0b9fb19fce8cf352983e2b7a6c6acc
EliteCustomButtonNames    https://github.com/EDCD/EliteCustomButtonNames       eaec4292348aebe9047eaa45ffece913e6736966
EDBV                      https://github.com/DRA6N/EDBV                        ea796ae6d3341541500ff656733f1c709ae24aad
EliteBinding              https://github.com/trasa/EliteBinding                efd42b9b99181cd16886e88fb0e44cdafc489279
EDRefKB                   https://github.com/RealOfficialTurf/EDRefKB          3bac69c047d0a5b87de2dc37a7d77516409a6a6d
